
Microsoft Visual Studio Solution File, Format Version 12.00
# Visual Studio Version 16
VisualStudioVersion = 16.0.30709.132
MinimumVisualStudioVersion = 10.0.40219.1
Project("{8BC9CEB8-8B4A-11D0-8D11-00A0C91BC942}") = "2D_Engine_v2.0", "2D_Engine_v2.0\2D_Engine_v2.0.vcxproj", "{D540576A-50C2-486F-9B39-A4E6A76916BD}"
EndProject
Global
	GlobalSection(SolutionConfigurationPlatforms) = preSolution
		Debug|x64 = Debug|x64
		Debug|x86 = Debug|x86
		Release|x64 = Release|x64
		Release|x86 = Release|x86
	EndGlobalSection
	GlobalSection(ProjectConfigurationPlatforms) = postSolution
		{D540576A-50C2-486F-9B39-A4E6A76916BD}.Debug|x64.ActiveCfg = Debug|x64
		{D540576A-50C2-486F-9B39-A4E6A76916BD}.Debug|x64.Build.0 = Debug|x64
		{D540576A-50C2-486F-9B39-A4E6A76916BD}.Debug|x86.ActiveCfg = Debug|Win32
		{D540576A-50C2-486F-9B39-A4E6A76916BD}.Debug|x86.Build.0 = Debug|Win32
		{D540576A-50C2-486F-9B39-A4E6A76916BD}.Release|x64.ActiveCfg = Release|x64
		{D540576A-50C2-486F-9B39-A4E6A76916BD}.Release|x64.Build.0 = Release|x64
		{D540576A-50C2-486F-9B39-A4E6A76916BD}.Release|x86.ActiveCfg = Release|Win32
		{D540576A-50C2-486F-9B39-A4E6A76916BD}.Release|x86.Build.0 = Release|Win32
	EndGlobalSection
	GlobalSection(SolutionProperties) = preSolution
		HideSolutionNode = FALSE
	EndGlobalSection
	GlobalSection(ExtensibilityGlobals) = postSolution
		SolutionGuid = {35A21AF6-5B55-4DAB-B5FB-1CC97C14117B}
	EndGlobalSection
EndGlobal
